// !$*UTF8*$!
{
	archiveVersion = 1;
	classes = {
	};
	objectVersion = 56;
	objects = {

/* Begin PBXBuildFile section */
		48151F2A2AFFF69200361909 /* Yape_ReduxApp.swift in Sources */ = {isa = PBXBuildFile; fileRef = 48151F292AFFF69200361909 /* Yape_ReduxApp.swift */; };
		48151F2C2AFFF69200361909 /* HomeView.swift in Sources */ = {isa = PBXBuildFile; fileRef = 48151F2B2AFFF69200361909 /* HomeView.swift */; };
		48151F2E2AFFF69500361909 /* Assets.xcassets in Resources */ = {isa = PBXBuildFile; fileRef = 48151F2D2AFFF69500361909 /* Assets.xcassets */; };
		48151F312AFFF69500361909 /* Preview Assets.xcassets in Resources */ = {isa = PBXBuildFile; fileRef = 48151F302AFFF69500361909 /* Preview Assets.xcassets */; };
		48151F3B2AFFF69500361909 /* Yape_ReduxTests.swift in Sources */ = {isa = PBXBuildFile; fileRef = 48151F3A2AFFF69500361909 /* Yape_ReduxTests.swift */; };
		48151F452AFFF69500361909 /* Yape_ReduxUITests.swift in Sources */ = {isa = PBXBuildFile; fileRef = 48151F442AFFF69500361909 /* Yape_ReduxUITests.swift */; };
		48151F472AFFF69500361909 /* Yape_ReduxUITestsLaunchTests.swift in Sources */ = {isa = PBXBuildFile; fileRef = 48151F462AFFF69500361909 /* Yape_ReduxUITestsLaunchTests.swift */; };
		48151F552AFFF6F300361909 /* Constant.swift in Sources */ = {isa = PBXBuildFile; fileRef = 48151F542AFFF6F300361909 /* Constant.swift */; };
		48151F582B00240300361909 /* Food.swift in Sources */ = {isa = PBXBuildFile; fileRef = 48151F572B00240300361909 /* Food.swift */; };
		48151F5B2B00244F00361909 /* Store.swift in Sources */ = {isa = PBXBuildFile; fileRef = 48151F5A2B00244F00361909 /* Store.swift */; };
		48151F5F2B00263400361909 /* FoodRepository.swift in Sources */ = {isa = PBXBuildFile; fileRef = 48151F5E2B00263400361909 /* FoodRepository.swift */; };
		48151F612B00264E00361909 /* FoodRepositoryService.swift in Sources */ = {isa = PBXBuildFile; fileRef = 48151F602B00264E00361909 /* FoodRepositoryService.swift */; };
		48151F682B00389800361909 /* DetailView.swift in Sources */ = {isa = PBXBuildFile; fileRef = 48151F672B00389800361909 /* DetailView.swift */; };
		48151F6A2B003C6600361909 /* MapView.swift in Sources */ = {isa = PBXBuildFile; fileRef = 48151F692B003C6600361909 /* MapView.swift */; };
		48151F6C2B003CBA00361909 /* Mark.swift in Sources */ = {isa = PBXBuildFile; fileRef = 48151F6B2B003CBA00361909 /* Mark.swift */; };
		48151F702B01E45300361909 /* State.swift in Sources */ = {isa = PBXBuildFile; fileRef = 48151F6F2B01E45300361909 /* State.swift */; };
		48151F722B01E47C00361909 /* Action.swift in Sources */ = {isa = PBXBuildFile; fileRef = 48151F712B01E47C00361909 /* Action.swift */; };
		48151F742B01E55E00361909 /* SearchText.swift in Sources */ = {isa = PBXBuildFile; fileRef = 48151F732B01E55E00361909 /* SearchText.swift */; };
/* End PBXBuildFile section */

/* Begin PBXContainerItemProxy section */
		48151F372AFFF69500361909 /* PBXContainerItemProxy */ = {
			isa = PBXContainerItemProxy;
			containerPortal = 48151F1E2AFFF69200361909 /* Project object */;
			proxyType = 1;
			remoteGlobalIDString = 48151F252AFFF69200361909;
			remoteInfo = "Yape Redux";
		};
		48151F412AFFF69500361909 /* PBXContainerItemProxy */ = {
			isa = PBXContainerItemProxy;
			containerPortal = 48151F1E2AFFF69200361909 /* Project object */;
			proxyType = 1;
			remoteGlobalIDString = 48151F252AFFF69200361909;
			remoteInfo = "Yape Redux";
		};
/* End PBXContainerItemProxy section */

/* Begin PBXFileReference section */
		48151F262AFFF69200361909 /* Yape Redux.app */ = {isa = PBXFileReference; explicitFileType = wrapper.application; includeInIndex = 0; path = "Yape Redux.app"; sourceTree = BUILT_PRODUCTS_DIR; };
		48151F292AFFF69200361909 /* Yape_ReduxApp.swift */ = {isa = PBXFileReference; lastKnownFileType = sourcecode.swift; path = Yape_ReduxApp.swift; sourceTree = "<group>"; };
		48151F2B2AFFF69200361909 /* HomeView.swift */ = {isa = PBXFileReference; lastKnownFileType = sourcecode.swift; path = HomeView.swift; sourceTree = "<group>"; };
		48151F2D2AFFF69500361909 /* Assets.xcassets */ = {isa = PBXFileReference; lastKnownFileType = folder.assetcatalog; path = Assets.xcassets; sourceTree = "<group>"; };
		48151F302AFFF69500361909 /* Preview Assets.xcassets */ = {isa = PBXFileReference; lastKnownFileType = folder.assetcatalog; path = "Preview Assets.xcassets"; sourceTree = "<group>"; };
		48151F362AFFF69500361909 /* Yape ReduxTests.xctest */ = {isa = PBXFileReference; explicitFileType = wrapper.cfbundle; includeInIndex = 0; path = "Yape ReduxTests.xctest"; sourceTree = BUILT_PRODUCTS_DIR; };
		48151F3A2AFFF69500361909 /* Yape_ReduxTests.swift */ = {isa = PBXFileReference; lastKnownFileType = sourcecode.swift; path = Yape_ReduxTests.swift; sourceTree = "<group>"; };
		48151F402AFFF69500361909 /* Yape ReduxUITests.xctest */ = {isa = PBXFileReference; explicitFileType = wrapper.cfbundle; includeInIndex = 0; path = "Yape ReduxUITests.xctest"; sourceTree = BUILT_PRODUCTS_DIR; };
		48151F442AFFF69500361909 /* Yape_ReduxUITests.swift */ = {isa = PBXFileReference; lastKnownFileType = sourcecode.swift; path = Yape_ReduxUITests.swift; sourceTree = "<group>"; };
		48151F462AFFF69500361909 /* Yape_ReduxUITestsLaunchTests.swift */ = {isa = PBXFileReference; lastKnownFileType = sourcecode.swift; path = Yape_ReduxUITestsLaunchTests.swift; sourceTree = "<group>"; };
		48151F542AFFF6F300361909 /* Constant.swift */ = {isa = PBXFileReference; lastKnownFileType = sourcecode.swift; path = Constant.swift; sourceTree = "<group>"; };
		48151F572B00240300361909 /* Food.swift */ = {isa = PBXFileReference; lastKnownFileType = sourcecode.swift; path = Food.swift; sourceTree = "<group>"; };
		48151F5A2B00244F00361909 /* Store.swift */ = {isa = PBXFileReference; lastKnownFileType = sourcecode.swift; path = Store.swift; sourceTree = "<group>"; };
		48151F5E2B00263400361909 /* FoodRepository.swift */ = {isa = PBXFileReference; lastKnownFileType = sourcecode.swift; path = FoodRepository.swift; sourceTree = "<group>"; };
		48151F602B00264E00361909 /* FoodRepositoryService.swift */ = {isa = PBXFileReference; lastKnownFileType = sourcecode.swift; path = FoodRepositoryService.swift; sourceTree = "<group>"; };
		48151F622B002DDD00361909 /* Yape-Redux-Info.plist */ = {isa = PBXFileReference; lastKnownFileType = text.plist; path = "Yape-Redux-Info.plist"; sourceTree = SOURCE_ROOT; };
		48151F672B00389800361909 /* DetailView.swift */ = {isa = PBXFileReference; lastKnownFileType = sourcecode.swift; path = DetailView.swift; sourceTree = "<group>"; };
		48151F692B003C6600361909 /* MapView.swift */ = {isa = PBXFileReference; lastKnownFileType = sourcecode.swift; path = MapView.swift; sourceTree = "<group>"; };
		48151F6B2B003CBA00361909 /* Mark.swift */ = {isa = PBXFileReference; lastKnownFileType = sourcecode.swift; path = Mark.swift; sourceTree = "<group>"; };
		48151F6F2B01E45300361909 /* State.swift */ = {isa = PBXFileReference; lastKnownFileType = sourcecode.swift; path = State.swift; sourceTree = "<group>"; };
		48151F712B01E47C00361909 /* Action.swift */ = {isa = PBXFileReference; lastKnownFileType = sourcecode.swift; path = Action.swift; sourceTree = "<group>"; };
		48151F732B01E55E00361909 /* SearchText.swift */ = {isa = PBXFileReference; lastKnownFileType = sourcecode.swift; path = SearchText.swift; sourceTree = "<group>"; };
/* End PBXFileReference section */

/* Begin PBXFrameworksBuildPhase section */
		48151F232AFFF69200361909 /* Frameworks */ = {
			isa = PBXFrameworksBuildPhase;
			buildActionMask = 2147483647;
			files = (
			);
			runOnlyForDeploymentPostprocessing = 0;
		};
		48151F332AFFF69500361909 /* Frameworks */ = {
			isa = PBXFrameworksBuildPhase;
			buildActionMask = 2147483647;
			files = (
			);
			runOnlyForDeploymentPostprocessing = 0;
		};
		48151F3D2AFFF69500361909 /* Frameworks */ = {
			isa = PBXFrameworksBuildPhase;
			buildActionMask = 2147483647;
			files = (
			);
			runOnlyForDeploymentPostprocessing = 0;
		};
/* End PBXFrameworksBuildPhase section */

/* Begin PBXGroup section */
		48151F1D2AFFF69200361909 = {
			isa = PBXGroup;
			children = (
				48151F282AFFF69200361909 /* Yape Redux */,
				48151F392AFFF69500361909 /* Yape ReduxTests */,
				48151F432AFFF69500361909 /* Yape ReduxUITests */,
				48151F272AFFF69200361909 /* Products */,
			);
			sourceTree = "<group>";
		};
		48151F272AFFF69200361909 /* Products */ = {
			isa = PBXGroup;
			children = (
				48151F262AFFF69200361909 /* Yape Redux.app */,
				48151F362AFFF69500361909 /* Yape ReduxTests.xctest */,
				48151F402AFFF69500361909 /* Yape ReduxUITests.xctest */,
			);
			name = Products;
			sourceTree = "<group>";
		};
		48151F282AFFF69200361909 /* Yape Redux */ = {
			isa = PBXGroup;
			children = (
				48151F642B0037FF00361909 /* Screen */,
				48151F622B002DDD00361909 /* Yape-Redux-Info.plist */,
				48151F5D2B00261600361909 /* Repository */,
				48151F592B00244500361909 /* Store */,
				48151F562B0023DB00361909 /* Model */,
				48151F532AFFF6EA00361909 /* Helper */,
				48151F292AFFF69200361909 /* Yape_ReduxApp.swift */,
				48151F2D2AFFF69500361909 /* Assets.xcassets */,
				48151F2F2AFFF69500361909 /* Preview Content */,
			);
			path = "Yape Redux";
			sourceTree = "<group>";
		};
		48151F2F2AFFF69500361909 /* Preview Content */ = {
			isa = PBXGroup;
			children = (
				48151F302AFFF69500361909 /* Preview Assets.xcassets */,
			);
			path = "Preview Content";
			sourceTree = "<group>";
		};
		48151F392AFFF69500361909 /* Yape ReduxTests */ = {
			isa = PBXGroup;
			children = (
				48151F3A2AFFF69500361909 /* Yape_ReduxTests.swift */,
			);
			path = "Yape ReduxTests";
			sourceTree = "<group>";
		};
		48151F432AFFF69500361909 /* Yape ReduxUITests */ = {
			isa = PBXGroup;
			children = (
				48151F442AFFF69500361909 /* Yape_ReduxUITests.swift */,
				48151F462AFFF69500361909 /* Yape_ReduxUITestsLaunchTests.swift */,
			);
			path = "Yape ReduxUITests";
			sourceTree = "<group>";
		};
		48151F532AFFF6EA00361909 /* Helper */ = {
			isa = PBXGroup;
			children = (
				48151F542AFFF6F300361909 /* Constant.swift */,
				48151F732B01E55E00361909 /* SearchText.swift */,
			);
			path = Helper;
			sourceTree = "<group>";
		};
		48151F562B0023DB00361909 /* Model */ = {
			isa = PBXGroup;
			children = (
				48151F572B00240300361909 /* Food.swift */,
				48151F6B2B003CBA00361909 /* Mark.swift */,
			);
			path = Model;
			sourceTree = "<group>";
		};
		48151F592B00244500361909 /* Store */ = {
			isa = PBXGroup;
			children = (
				48151F5A2B00244F00361909 /* Store.swift */,
				48151F6F2B01E45300361909 /* State.swift */,
				48151F712B01E47C00361909 /* Action.swift */,
			);
			path = Store;
			sourceTree = "<group>";
		};
		48151F5D2B00261600361909 /* Repository */ = {
			isa = PBXGroup;
			children = (
				48151F5E2B00263400361909 /* FoodRepository.swift */,
				48151F602B00264E00361909 /* FoodRepositoryService.swift */,
			);
			path = Repository;
			sourceTree = "<group>";
		};
		48151F632B0035C700361909 /* Home */ = {
			isa = PBXGroup;
			children = (
				48151F2B2AFFF69200361909 /* HomeView.swift */,
			);
			path = Home;
			sourceTree = "<group>";
		};
		48151F642B0037FF00361909 /* Screen */ = {
			isa = PBXGroup;
			children = (
				48151F662B00382800361909 /* Map */,
				48151F652B00381900361909 /* Detail */,
				48151F632B0035C700361909 /* Home */,
			);
			path = Screen;
			sourceTree = "<group>";
		};
		48151F652B00381900361909 /* Detail */ = {
			isa = PBXGroup;
			children = (
				48151F672B00389800361909 /* DetailView.swift */,
			);
			path = Detail;
			sourceTree = "<group>";
		};
		48151F662B00382800361909 /* Map */ = {
			isa = PBXGroup;
			children = (
				48151F692B003C6600361909 /* MapView.swift */,
			);
			path = Map;
			sourceTree = "<group>";
		};
/* End PBXGroup section */

/* Begin PBXNativeTarget section */
		48151F252AFFF69200361909 /* Yape Redux */ = {
			isa = PBXNativeTarget;
			buildConfigurationList = 48151F4A2AFFF69500361909 /* Build configuration list for PBXNativeTarget "Yape Redux" */;
			buildPhases = (
				48151F222AFFF69200361909 /* Sources */,
				48151F232AFFF69200361909 /* Frameworks */,
				48151F242AFFF69200361909 /* Resources */,
			);
			buildRules = (
			);
			dependencies = (
			);
			name = "Yape Redux";
			productName = "Yape Redux";
			productReference = 48151F262AFFF69200361909 /* Yape Redux.app */;
			productType = "com.apple.product-type.application";
		};
		48151F352AFFF69500361909 /* Yape ReduxTests */ = {
			isa = PBXNativeTarget;
			buildConfigurationList = 48151F4D2AFFF69500361909 /* Build configuration list for PBXNativeTarget "Yape ReduxTests" */;
			buildPhases = (
				48151F322AFFF69500361909 /* Sources */,
				48151F332AFFF69500361909 /* Frameworks */,
				48151F342AFFF69500361909 /* Resources */,
			);
			buildRules = (
			);
			dependencies = (
				48151F382AFFF69500361909 /* PBXTargetDependency */,
			);
			name = "Yape ReduxTests";
			productName = "Yape ReduxTests";
			productReference = 48151F362AFFF69500361909 /* Yape ReduxTests.xctest */;
			productType = "com.apple.product-type.bundle.unit-test";
		};
		48151F3F2AFFF69500361909 /* Yape ReduxUITests */ = {
			isa = PBXNativeTarget;
			buildConfigurationList = 48151F502AFFF69500361909 /* Build configuration list for PBXNativeTarget "Yape ReduxUITests" */;
			buildPhases = (
				48151F3C2AFFF69500361909 /* Sources */,
				48151F3D2AFFF69500361909 /* Frameworks */,
				48151F3E2AFFF69500361909 /* Resources */,
			);
			buildRules = (
			);
			dependencies = (
				48151F422AFFF69500361909 /* PBXTargetDependency */,
			);
			name = "Yape ReduxUITests";
			productName = "Yape ReduxUITests";
			productReference = 48151F402AFFF69500361909 /* Yape ReduxUITests.xctest */;
			productType = "com.apple.product-type.bundle.ui-testing";
		};
/* End PBXNativeTarget section */

/* Begin PBXProject section */
		48151F1E2AFFF69200361909 /* Project object */ = {
			isa = PBXProject;
			attributes = {
				BuildIndependentTargetsInParallel = 1;
				LastSwiftUpdateCheck = 1430;
				LastUpgradeCheck = 1430;
				TargetAttributes = {
					48151F252AFFF69200361909 = {
						CreatedOnToolsVersion = 14.3.1;
					};
					48151F352AFFF69500361909 = {
						CreatedOnToolsVersion = 14.3.1;
						TestTargetID = 48151F252AFFF69200361909;
					};
					48151F3F2AFFF69500361909 = {
						CreatedOnToolsVersion = 14.3.1;
						TestTargetID = 48151F252AFFF69200361909;
					};
				};
			};
			buildConfigurationList = 48151F212AFFF69200361909 /* Build configuration list for PBXProject "Yape Redux" */;
			compatibilityVersion = "Xcode 14.0";
			developmentRegion = en;
			hasScannedForEncodings = 0;
			knownRegions = (
				en,
				Base,
			);
			mainGroup = 48151F1D2AFFF69200361909;
			productRefGroup = 48151F272AFFF69200361909 /* Products */;
			projectDirPath = "";
			projectRoot = "";
			targets = (
				48151F252AFFF69200361909 /* Yape Redux */,
				48151F352AFFF69500361909 /* Yape ReduxTests */,
				48151F3F2AFFF69500361909 /* Yape ReduxUITests */,
			);
		};
/* End PBXProject section */

/* Begin PBXResourcesBuildPhase section */
		48151F242AFFF69200361909 /* Resources */ = {
			isa = PBXResourcesBuildPhase;
			buildActionMask = 2147483647;
			files = (
				48151F312AFFF69500361909 /* Preview Assets.xcassets in Resources */,
				48151F2E2AFFF69500361909 /* Assets.xcassets in Resources */,
			);
			runOnlyForDeploymentPostprocessing = 0;
		};
		48151F342AFFF69500361909 /* Resources */ = {
			isa = PBXResourcesBuildPhase;
			buildActionMask = 2147483647;
			files = (
			);
			runOnlyForDeploymentPostprocessing = 0;
		};
		48151F3E2AFFF69500361909 /* Resources */ = {
			isa = PBXResourcesBuildPhase;
			buildActionMask = 2147483647;
			files = (
			);
			runOnlyForDeploymentPostprocessing = 0;
		};
/* End PBXResourcesBuildPhase section */

/* Begin PBXSourcesBuildPhase section */
		48151F222AFFF69200361909 /* Sources */ = {
			isa = PBXSourcesBuildPhase;
			buildActionMask = 2147483647;
			files = (
				48151F5B2B00244F00361909 /* Store.swift in Sources */,
				48151F722B01E47C00361909 /* Action.swift in Sources */,
				48151F682B00389800361909 /* DetailView.swift in Sources */,
				48151F2C2AFFF69200361909 /* HomeView.swift in Sources */,
				48151F702B01E45300361909 /* State.swift in Sources */,
				48151F582B00240300361909 /* Food.swift in Sources */,
				48151F6C2B003CBA00361909 /* Mark.swift in Sources */,
				48151F5F2B00263400361909 /* FoodRepository.swift in Sources */,
				48151F2A2AFFF69200361909 /* Yape_ReduxApp.swift in Sources */,
				48151F552AFFF6F300361909 /* Constant.swift in Sources */,
				48151F6A2B003C6600361909 /* MapView.swift in Sources */,
				48151F612B00264E00361909 /* FoodRepositoryService.swift in Sources */,
				48151F742B01E55E00361909 /* SearchText.swift in Sources */,
			);
			runOnlyForDeploymentPostprocessing = 0;
		};
		48151F322AFFF69500361909 /* Sources */ = {
			isa = PBXSourcesBuildPhase;
			buildActionMask = 2147483647;
			files = (
				48151F3B2AFFF69500361909 /* Yape_ReduxTests.swift in Sources */,
			);
			runOnlyForDeploymentPostprocessing = 0;
		};
		48151F3C2AFFF69500361909 /* Sources */ = {
			isa = PBXSourcesBuildPhase;
			buildActionMask = 2147483647;
			files = (
				48151F472AFFF69500361909 /* Yape_ReduxUITestsLaunchTests.swift in Sources */,
				48151F452AFFF69500361909 /* Yape_ReduxUITests.swift in Sources */,
			);
			runOnlyForDeploymentPostprocessing = 0;
		};
/* End PBXSourcesBuildPhase section */

/* Begin PBXTargetDependency section */
		48151F382AFFF69500361909 /* PBXTargetDependency */ = {
			isa = PBXTargetDependency;
			target = 48151F252AFFF69200361909 /* Yape Redux */;
			targetProxy = 48151F372AFFF69500361909 /* PBXContainerItemProxy */;
		};
		48151F422AFFF69500361909 /* PBXTargetDependency */ = {
			isa = PBXTargetDependency;
			target = 48151F252AFFF69200361909 /* Yape Redux */;
			targetProxy = 48151F412AFFF69500361909 /* PBXContainerItemProxy */;
		};
/* End PBXTargetDependency section */

/* Begin XCBuildConfiguration section */
		48151F482AFFF69500361909 /* Debug */ = {
			isa = XCBuildConfiguration;
			buildSettings = {
				ALWAYS_SEARCH_USER_PATHS = NO;
				CLANG_ANALYZER_NONNULL = YES;
				CLANG_ANALYZER_NUMBER_OBJECT_CONVERSION = YES_AGGRESSIVE;
				CLANG_CXX_LANGUAGE_STANDARD = "gnu++20";
				CLANG_ENABLE_MODULES = YES;
				CLANG_ENABLE_OBJC_ARC = YES;
				CLANG_ENABLE_OBJC_WEAK = YES;
				CLANG_WARN_BLOCK_CAPTURE_AUTORELEASING = YES;
				CLANG_WARN_BOOL_CONVERSION = YES;
				CLANG_WARN_COMMA = YES;
				CLANG_WARN_CONSTANT_CONVERSION = YES;
				CLANG_WARN_DEPRECATED_OBJC_IMPLEMENTATIONS = YES;
				CLANG_WARN_DIRECT_OBJC_ISA_USAGE = YES_ERROR;
				CLANG_WARN_DOCUMENTATION_COMMENTS = YES;
				CLANG_WARN_EMPTY_BODY = YES;
				CLANG_WARN_ENUM_CONVERSION = YES;
				CLANG_WARN_INFINITE_RECURSION = YES;
				CLANG_WARN_INT_CONVERSION = YES;
				CLANG_WARN_NON_LITERAL_NULL_CONVERSION = YES;
				CLANG_WARN_OBJC_IMPLICIT_RETAIN_SELF = YES;
				CLANG_WARN_OBJC_LITERAL_CONVERSION = YES;
				CLANG_WARN_OBJC_ROOT_CLASS = YES_ERROR;
				CLANG_WARN_QUOTED_INCLUDE_IN_FRAMEWORK_HEADER = YES;
				CLANG_WARN_RANGE_LOOP_ANALYSIS = YES;
				CLANG_WARN_STRICT_PROTOTYPES = YES;
				CLANG_WARN_SUSPICIOUS_MOVE = YES;
				CLANG_WARN_UNGUARDED_AVAILABILITY = YES_AGGRESSIVE;
				CLANG_WARN_UNREACHABLE_CODE = YES;
				CLANG_WARN__DUPLICATE_METHOD_MATCH = YES;
				COPY_PHASE_STRIP = NO;
				DEBUG_INFORMATION_FORMAT = dwarf;
				ENABLE_STRICT_OBJC_MSGSEND = YES;
				ENABLE_TESTABILITY = YES;
				GCC_C_LANGUAGE_STANDARD = gnu11;
				GCC_DYNAMIC_NO_PIC = NO;
				GCC_NO_COMMON_BLOCKS = YES;
				GCC_OPTIMIZATION_LEVEL = 0;
				GCC_PREPROCESSOR_DEFINITIONS = (
					"DEBUG=1",
					"$(inherited)",
				);
				GCC_WARN_64_TO_32_BIT_CONVERSION = YES;
				GCC_WARN_ABOUT_RETURN_TYPE = YES_ERROR;
				GCC_WARN_UNDECLARED_SELECTOR = YES;
				GCC_WARN_UNINITIALIZED_AUTOS = YES_AGGRESSIVE;
				GCC_WARN_UNUSED_FUNCTION = YES;
				GCC_WARN_UNUSED_VARIABLE = YES;
				IPHONEOS_DEPLOYMENT_TARGET = 16.4;
				MTL_ENABLE_DEBUG_INFO = INCLUDE_SOURCE;
				MTL_FAST_MATH = YES;
				ONLY_ACTIVE_ARCH = YES;
				SDKROOT = iphoneos;
				SWIFT_ACTIVE_COMPILATION_CONDITIONS = DEBUG;
				SWIFT_OPTIMIZATION_LEVEL = "-Onone";
			};
			name = Debug;
		};
		48151F492AFFF69500361909 /* Release */ = {
			isa = XCBuildConfiguration;
			buildSettings = {
				ALWAYS_SEARCH_USER_PATHS = NO;
				CLANG_ANALYZER_NONNULL = YES;
				CLANG_ANALYZER_NUMBER_OBJECT_CONVERSION = YES_AGGRESSIVE;
				CLANG_CXX_LANGUAGE_STANDARD = "gnu++20";
				CLANG_ENABLE_MODULES = YES;
				CLANG_ENABLE_OBJC_ARC = YES;
				CLANG_ENABLE_OBJC_WEAK = YES;
				CLANG_WARN_BLOCK_CAPTURE_AUTORELEASING = YES;
				CLANG_WARN_BOOL_CONVERSION = YES;
				CLANG_WARN_COMMA = YES;
				CLANG_WARN_CONSTANT_CONVERSION = YES;
				CLANG_WARN_DEPRECATED_OBJC_IMPLEMENTATIONS = YES;
				CLANG_WARN_DIRECT_OBJC_ISA_USAGE = YES_ERROR;
				CLANG_WARN_DOCUMENTATION_COMMENTS = YES;
				CLANG_WARN_EMPTY_BODY = YES;
				CLANG_WARN_ENUM_CONVERSION = YES;
				CLANG_WARN_INFINITE_RECURSION = YES;
				CLANG_WARN_INT_CONVERSION = YES;
				CLANG_WARN_NON_LITERAL_NULL_CONVERSION = YES;
				CLANG_WARN_OBJC_IMPLICIT_RETAIN_SELF = YES;
				CLANG_WARN_OBJC_LITERAL_CONVERSION = YES;
				CLANG_WARN_OBJC_ROOT_CLASS = YES_ERROR;
				CLANG_WARN_QUOTED_INCLUDE_IN_FRAMEWORK_HEADER = YES;
				CLANG_WARN_RANGE_LOOP_ANALYSIS = YES;
				CLANG_WARN_STRICT_PROTOTYPES = YES;
				CLANG_WARN_SUSPICIOUS_MOVE = YES;
				CLANG_WARN_UNGUARDED_AVAILABILITY = YES_AGGRESSIVE;
				CLANG_WARN_UNREACHABLE_CODE = YES;
				CLANG_WARN__DUPLICATE_METHOD_MATCH = YES;
				COPY_PHASE_STRIP = NO;
				DEBUG_INFORMATION_FORMAT = "dwarf-with-dsym";
				ENABLE_NS_ASSERTIONS = NO;
				ENABLE_STRICT_OBJC_MSGSEND = YES;
				GCC_C_LANGUAGE_STANDARD = gnu11;
				GCC_NO_COMMON_BLOCKS = YES;
				GCC_WARN_64_TO_32_BIT_CONVERSION = YES;
				GCC_WARN_ABOUT_RETURN_TYPE = YES_ERROR;
				GCC_WARN_UNDECLARED_SELECTOR = YES;
				GCC_WARN_UNINITIALIZED_AUTOS = YES_AGGRESSIVE;
				GCC_WARN_UNUSED_FUNCTION = YES;
				GCC_WARN_UNUSED_VARIABLE = YES;
				IPHONEOS_DEPLOYMENT_TARGET = 16.4;
				MTL_ENABLE_DEBUG_INFO = NO;
				MTL_FAST_MATH = YES;
				SDKROOT = iphoneos;
				SWIFT_COMPILATION_MODE = wholemodule;
				SWIFT_OPTIMIZATION_LEVEL = "-O";
				VALIDATE_PRODUCT = YES;
			};
			name = Release;
		};
		48151F4B2AFFF69500361909 /* Debug */ = {
			isa = XCBuildConfiguration;
			buildSettings = {
				ASSETCATALOG_COMPILER_APPICON_NAME = AppIcon;
				ASSETCATALOG_COMPILER_GLOBAL_ACCENT_COLOR_NAME = AccentColor;
				CODE_SIGN_STYLE = Automatic;
				CURRENT_PROJECT_VERSION = 1;
				DEVELOPMENT_ASSET_PATHS = "\"Yape Redux/Preview Content\"";
				ENABLE_PREVIEWS = YES;
				GENERATE_INFOPLIST_FILE = YES;
				INFOPLIST_FILE = "Yape-Redux-Info.plist";
				INFOPLIST_KEY_UIApplicationSceneManifest_Generation = YES;
				INFOPLIST_KEY_UIApplicationSupportsIndirectInputEvents = YES;
				INFOPLIST_KEY_UILaunchScreen_Generation = YES;
				INFOPLIST_KEY_UISupportedInterfaceOrientations_iPad = "UIInterfaceOrientationPortrait UIInterfaceOrientationPortraitUpsideDown UIInterfaceOrientationLandscapeLeft UIInterfaceOrientationLandscapeRight";
				INFOPLIST_KEY_UISupportedInterfaceOrientations_iPhone = "UIInterfaceOrientationPortrait UIInterfaceOrientationLandscapeLeft UIInterfaceOrientationLandscapeRight";
				LD_RUNPATH_SEARCH_PATHS = (
					"$(inherited)",
					"@executable_path/Frameworks",
				);
				MARKETING_VERSION = 1.0;
				PRODUCT_BUNDLE_IDENTIFIER = "com.marlon.Yape-Redux";
				PRODUCT_NAME = "$(TARGET_NAME)";
				SWIFT_EMIT_LOC_STRINGS = YES;
				SWIFT_VERSION = 5.0;
				TARGETED_DEVICE_FAMILY = "1,2";
			};
			name = Debug;
		};
		48151F4C2AFFF69500361909 /* Release */ = {
			isa = XCBuildConfiguration;
			buildSettings = {
				ASSETCATALOG_COMPILER_APPICON_NAME = AppIcon;
				ASSETCATALOG_COMPILER_GLOBAL_ACCENT_COLOR_NAME = AccentColor;
				CODE_SIGN_STYLE = Automatic;
				CURRENT_PROJECT_VERSION = 1;
				DEVELOPMENT_ASSET_PATHS = "\"Yape Redux/Preview Content\"";
				ENABLE_PREVIEWS = YES;
				GENERATE_INFOPLIST_FILE = YES;
				INFOPLIST_FILE = "Yape-Redux-Info.plist";
				INFOPLIST_KEY_UIApplicationSceneManifest_Generation = YES;
				INFOPLIST_KEY_UIApplicationSupportsIndirectInputEvents = YES;
				INFOPLIST_KEY_UILaunchScreen_Generation = YES;
				INFOPLIST_KEY_UISupportedInterfaceOrientations_iPad = "UIInterfaceOrientationPortrait UIInterfaceOrientationPortraitUpsideDown UIInterfaceOrientationLandscapeLeft UIInterfaceOrientationLandscapeRight";
				INFOPLIST_KEY_UISupportedInterfaceOrientations_iPhone = "UIInterfaceOrientationPortrait UIInterfaceOrientationLandscapeLeft UIInterfaceOrientationLandscapeRight";
				LD_RUNPATH_SEARCH_PATHS = (
					"$(inherited)",
					"@executable_path/Frameworks",
				);
				MARKETING_VERSION = 1.0;
				PRODUCT_BUNDLE_IDENTIFIER = "com.marlon.Yape-Redux";
				PRODUCT_NAME = "$(TARGET_NAME)";
				SWIFT_EMIT_LOC_STRINGS = YES;
				SWIFT_VERSION = 5.0;
				TARGETED_DEVICE_FAMILY = "1,2";
			};
			name = Release;
		};
		48151F4E2AFFF69500361909 /* Debug */ = {
			isa = XCBuildConfiguration;
			buildSettings = {
				ALWAYS_EMBED_SWIFT_STANDARD_LIBRARIES = YES;
				BUNDLE_LOADER = "$(TEST_HOST)";
				CODE_SIGN_STYLE = Automatic;
				CURRENT_PROJECT_VERSION = 1;
				GENERATE_INFOPLIST_FILE = YES;
				IPHONEOS_DEPLOYMENT_TARGET = 16.4;
				MARKETING_VERSION = 1.0;
				PRODUCT_BUNDLE_IDENTIFIER = "com.marlon.Yape-ReduxTests";
				PRODUCT_NAME = "$(TARGET_NAME)";
				SWIFT_EMIT_LOC_STRINGS = NO;
				SWIFT_VERSION = 5.0;
				TARGETED_DEVICE_FAMILY = "1,2";
				TEST_HOST = "$(BUILT_PRODUCTS_DIR)/Yape Redux.app/$(BUNDLE_EXECUTABLE_FOLDER_PATH)/Yape Redux";
			};
			name = Debug;
		};
		48151F4F2AFFF69500361909 /* Release */ = {
			isa = XCBuildConfiguration;
			buildSettings = {
				ALWAYS_EMBED_SWIFT_STANDARD_LIBRARIES = YES;
				BUNDLE_LOADER = "$(TEST_HOST)";
				CODE_SIGN_STYLE = Automatic;
				CURRENT_PROJECT_VERSION = 1;
				GENERATE_INFOPLIST_FILE = YES;
				IPHONEOS_DEPLOYMENT_TARGET = 16.4;
				MARKETING_VERSION = 1.0;
				PRODUCT_BUNDLE_IDENTIFIER = "com.marlon.Yape-ReduxTests";
				PRODUCT_NAME = "$(TARGET_NAME)";
				SWIFT_EMIT_LOC_STRINGS = NO;
				SWIFT_VERSION = 5.0;
				TARGETED_DEVICE_FAMILY = "1,2";
				TEST_HOST = "$(BUILT_PRODUCTS_DIR)/Yape Redux.app/$(BUNDLE_EXECUTABLE_FOLDER_PATH)/Yape Redux";
			};
			name = Release;
		};
		48151F512AFFF69500361909 /* Debug */ = {
			isa = XCBuildConfiguration;
			buildSettings = {
				ALWAYS_EMBED_SWIFT_STANDARD_LIBRARIES = YES;
				CODE_SIGN_STYLE = Automatic;
				CURRENT_PROJECT_VERSION = 1;
				GENERATE_INFOPLIST_FILE = YES;
				MARKETING_VERSION = 1.0;
				PRODUCT_BUNDLE_IDENTIFIER = "com.marlon.Yape-ReduxUITests";
				PRODUCT_NAME = "$(TARGET_NAME)";
				SWIFT_EMIT_LOC_STRINGS = NO;
				SWIFT_VERSION = 5.0;
				TARGETED_DEVICE_FAMILY = "1,2";
				TEST_TARGET_NAME = "Yape Redux";
			};
			name = Debug;
		};
		48151F522AFFF69500361909 /* Release */ = {
			isa = XCBuildConfiguration;
			buildSettings = {
				ALWAYS_EMBED_SWIFT_STANDARD_LIBRARIES = YES;
				CODE_SIGN_STYLE = Automatic;
				CURRENT_PROJECT_VERSION = 1;
				GENERATE_INFOPLIST_FILE = YES;
				MARKETING_VERSION = 1.0;
				PRODUCT_BUNDLE_IDENTIFIER = "com.marlon.Yape-ReduxUITests";
				PRODUCT_NAME = "$(TARGET_NAME)";
				SWIFT_EMIT_LOC_STRINGS = NO;
				SWIFT_VERSION = 5.0;
				TARGETED_DEVICE_FAMILY = "1,2";
				TEST_TARGET_NAME = "Yape Redux";
			};
			name = Release;
		};
/* End XCBuildConfiguration section */

/* Begin XCConfigurationList section */
		48151F212AFFF69200361909 /* Build configuration list for PBXProject "Yape Redux" */ = {
			isa = XCConfigurationList;
			buildConfigurations = (
				48151F482AFFF69500361909 /* Debug */,
				48151F492AFFF69500361909 /* Release */,
			);
			defaultConfigurationIsVisible = 0;
			defaultConfigurationName = Release;
		};
		48151F4A2AFFF69500361909 /* Build configuration list for PBXNativeTarget "Yape Redux" */ = {
			isa = XCConfigurationList;
			buildConfigurations = (
				48151F4B2AFFF69500361909 /* Debug */,
				48151F4C2AFFF69500361909 /* Release */,
			);
			defaultConfigurationIsVisible = 0;
			defaultConfigurationName = Release;
		};
		48151F4D2AFFF69500361909 /* Build configuration list for PBXNativeTarget "Yape ReduxTests" */ = {
			isa = XCConfigurationList;
			buildConfigurations = (
				48151F4E2AFFF69500361909 /* Debug */,
				48151F4F2AFFF69500361909 /* Release */,
			);
			defaultConfigurationIsVisible = 0;
			defaultConfigurationName = Release;
		};
		48151F502AFFF69500361909 /* Build configuration list for PBXNativeTarget "Yape ReduxUITests" */ = {
			isa = XCConfigurationList;
			buildConfigurations = (
				48151F512AFFF69500361909 /* Debug */,
				48151F522AFFF69500361909 /* Release */,
			);
			defaultConfigurationIsVisible = 0;
			defaultConfigurationName = Release;
		};
/* End XCConfigurationList section */
	};
	rootObject = 48151F1E2AFFF69200361909 /* Project object */;
}
